# This file is automatically @generated by Cargo.
# It is not intended for manual editing.
version = 4

[[package]]
name = "globe"
version = "0.2.0"
source = "registry+https://github.com/rust-lang/crates.io-index"
checksum = "eece55abe8d42f0a4a2b68146415364c5063bc278cd6e7ffd2790e1ce018666a"

[[package]]
name = "globe-widget-renderer"
version = "0.1.0"
dependencies = [
 "globe",
]
